
Microsoft Visual Studio Solution File, Format Version 12.00
# Visual Studio Version 17
VisualStudioVersion = 17.7.34024.191
MinimumVisualStudioVersion = 10.0.40219.1
Project("{FAE04EC0-301F-11D3-BF4B-00C04F79EFBC}") = "Podzbiór o największej sumie elementów", "Podzbiór o największej sumie elementów\Podzbiór o największej sumie elementów.csproj", "{24FEAE31-D21B-4E7A-A5CE-C0448CB9F0B2}"
EndProject
Global
	GlobalSection(SolutionConfigurationPlatforms) = preSolution
		Debug|Any CPU = Debug|Any CPU
		Release|Any CPU = Release|Any CPU
	EndGlobalSection
	GlobalSection(ProjectConfigurationPlatforms) = postSolution
		{24FEAE31-D21B-4E7A-A5CE-C0448CB9F0B2}.Debug|Any CPU.ActiveCfg = Debug|Any CPU
		{24FEAE31-D21B-4E7A-A5CE-C0448CB9F0B2}.Debug|Any CPU.Build.0 = Debug|Any CPU
		{24FEAE31-D21B-4E7A-A5CE-C0448CB9F0B2}.Release|Any CPU.ActiveCfg = Release|Any CPU
		{24FEAE31-D21B-4E7A-A5CE-C0448CB9F0B2}.Release|Any CPU.Build.0 = Release|Any CPU
	EndGlobalSection
	GlobalSection(SolutionProperties) = preSolution
		HideSolutionNode = FALSE
	EndGlobalSection
	GlobalSection(ExtensibilityGlobals) = postSolution
		SolutionGuid = {C2405733-3935-4A7E-9FEC-6847E484FE67}
	EndGlobalSection
EndGlobal
